// !$*UTF8*$!
{
	archiveVersion = 1;
	classes = {
	};
	objectVersion = 46;
	objects = {

/* Begin PBXBuildFile section */
		7C04E6B91A134C34009414E4 /* JNYJ.swift in Sources */ = {isa = PBXBuildFile; fileRef = 7C04E6B81A134C34009414E4 /* JNYJ.swift */; };
		7CB808B01A13047200D48926 /* AppDelegate.swift in Sources */ = {isa = PBXBuildFile; fileRef = 7CB808AF1A13047200D48926 /* AppDelegate.swift */; };
		7CB808B21A13047200D48926 /* ViewController.swift in Sources */ = {isa = PBXBuildFile; fileRef = 7CB808B11A13047200D48926 /* ViewController.swift */; };
		7CB808B51A13047200D48926 /* Main.storyboard in Resources */ = {isa = PBXBuildFile; fileRef = 7CB808B31A13047200D48926 /* Main.storyboard */; };
		7CB808B71A13047200D48926 /* Images.xcassets in Resources */ = {isa = PBXBuildFile; fileRef = 7CB808B61A13047200D48926 /* Images.xcassets */; };
		7CB808BA1A13047200D48926 /* LaunchScreen.xib in Resources */ = {isa = PBXBuildFile; fileRef = 7CB808B81A13047200D48926 /* LaunchScreen.xib */; };
		7CB808C61A13047200D48926 /* _01PGWUcurrentWULFTests.swift in Sources */ = {isa = PBXBuildFile; fileRef = 7CB808C51A13047200D48926 /* _01PGWUcurrentWULFTests.swift */; };
/* End PBXBuildFile section */

/* Begin PBXContainerItemProxy section */
		7CB808C01A13047200D48926 /* PBXContainerItemProxy */ = {
			isa = PBXContainerItemProxy;
			containerPortal = 7CB808A21A13047200D48926 /* Project object */;
			proxyType = 1;
			remoteGlobalIDString = 7CB808A91A13047200D48926;
			remoteInfo = 001PGWUcurrentWULF;
		};
/* End PBXContainerItemProxy section */

/* Begin PBXFileReference section */
		7C04E6B81A134C34009414E4 /* JNYJ.swift */ = {isa = PBXFileReference; fileEncoding = 4; lastKnownFileType = sourcecode.swift; path = JNYJ.swift; sourceTree = "<group>"; };
		7CB808AA1A13047200D48926 /* 001PGWUcurrentWULF.app */ = {isa = PBXFileReference; explicitFileType = wrapper.application; includeInIndex = 0; path = 001PGWUcurrentWULF.app; sourceTree = BUILT_PRODUCTS_DIR; };
		7CB808AE1A13047200D48926 /* Info.plist */ = {isa = PBXFileReference; lastKnownFileType = text.plist.xml; path = Info.plist; sourceTree = "<group>"; };
		7CB808AF1A13047200D48926 /* AppDelegate.swift */ = {isa = PBXFileReference; lastKnownFileType = sourcecode.swift; path = AppDelegate.swift; sourceTree = "<group>"; };
		7CB808B11A13047200D48926 /* ViewController.swift */ = {isa = PBXFileReference; lastKnownFileType = sourcecode.swift; path = ViewController.swift; sourceTree = "<group>"; };
		7CB808B41A13047200D48926 /* Base */ = {isa = PBXFileReference; lastKnownFileType = file.storyboard; name = Base; path = Base.lproj/Main.storyboard; sourceTree = "<group>"; };
		7CB808B61A13047200D48926 /* Images.xcassets */ = {isa = PBXFileReference; lastKnownFileType = folder.assetcatalog; path = Images.xcassets; sourceTree = "<group>"; };
		7CB808B91A13047200D48926 /* Base */ = {isa = PBXFileReference; lastKnownFileType = file.xib; name = Base; path = Base.lproj/LaunchScreen.xib; sourceTree = "<group>"; };
		7CB808BF1A13047200D48926 /* 001PGWUcurrentWULFTests.xctest */ = {isa = PBXFileReference; explicitFileType = wrapper.cfbundle; includeInIndex = 0; path = 001PGWUcurrentWULFTests.xctest; sourceTree = BUILT_PRODUCTS_DIR; };
		7CB808C41A13047200D48926 /* Info.plist */ = {isa = PBXFileReference; lastKnownFileType = text.plist.xml; path = Info.plist; sourceTree = "<group>"; };
		7CB808C51A13047200D48926 /* _01PGWUcurrentWULFTests.swift */ = {isa = PBXFileReference; lastKnownFileType = sourcecode.swift; path = _01PGWUcurrentWULFTests.swift; sourceTree = "<group>"; };
/* End PBXFileReference section */

/* Begin PBXFrameworksBuildPhase section */
		7CB808A71A13047200D48926 /* Frameworks */ = {
			isa = PBXFrameworksBuildPhase;
			buildActionMask = 2147483647;
			files = (
			);
			runOnlyForDeploymentPostprocessing = 0;
		};
		7CB808BC1A13047200D48926 /* Frameworks */ = {
			isa = PBXFrameworksBuildPhase;
			buildActionMask = 2147483647;
			files = (
			);
			runOnlyForDeploymentPostprocessing = 0;
		};
/* End PBXFrameworksBuildPhase section */

/* Begin PBXGroup section */
		7CB808A11A13047200D48926 = {
			isa = PBXGroup;
			children = (
				7CB808AC1A13047200D48926 /* 001PGWUcurrentWULF */,
				7CB808C21A13047200D48926 /* 001PGWUcurrentWULFTests */,
				7CB808AB1A13047200D48926 /* Products */,
			);
			sourceTree = "<group>";
		};
		7CB808AB1A13047200D48926 /* Products */ = {
			isa = PBXGroup;
			children = (
				7CB808AA1A13047200D48926 /* 001PGWUcurrentWULF.app */,
				7CB808BF1A13047200D48926 /* 001PGWUcurrentWULFTests.xctest */,
			);
			name = Products;
			sourceTree = "<group>";
		};
		7CB808AC1A13047200D48926 /* 001PGWUcurrentWULF */ = {
			isa = PBXGroup;
			children = (
				7CB808AF1A13047200D48926 /* AppDelegate.swift */,
				7CB808B11A13047200D48926 /* ViewController.swift */,
				7C04E6B81A134C34009414E4 /* JNYJ.swift */,
				7CB808B31A13047200D48926 /* Main.storyboard */,
				7CB808B61A13047200D48926 /* Images.xcassets */,
				7CB808B81A13047200D48926 /* LaunchScreen.xib */,
				7CB808AD1A13047200D48926 /* Supporting Files */,
			);
			path = 001PGWUcurrentWULF;
			sourceTree = "<group>";
		};
		7CB808AD1A13047200D48926 /* Supporting Files */ = {
			isa = PBXGroup;
			children = (
				7CB808AE1A13047200D48926 /* Info.plist */,
			);
			name = "Supporting Files";
			sourceTree = "<group>";
		};
		7CB808C21A13047200D48926 /* 001PGWUcurrentWULFTests */ = {
			isa = PBXGroup;
			children = (
				7CB808C51A13047200D48926 /* _01PGWUcurrentWULFTests.swift */,
				7CB808C31A13047200D48926 /* Supporting Files */,
			);
			path = 001PGWUcurrentWULFTests;
			sourceTree = "<group>";
		};
		7CB808C31A13047200D48926 /* Supporting Files */ = {
			isa = PBXGroup;
			children = (
				7CB808C41A13047200D48926 /* Info.plist */,
			);
			name = "Supporting Files";
			sourceTree = "<group>";
		};
/* End PBXGroup section */

/* Begin PBXNativeTarget section */
		7CB808A91A13047200D48926 /* 001PGWUcurrentWULF */ = {
			isa = PBXNativeTarget;
			buildConfigurationList = 7CB808C91A13047200D48926 /* Build configuration list for PBXNativeTarget "001PGWUcurrentWULF" */;
			buildPhases = (
				7CB808A61A13047200D48926 /* Sources */,
				7CB808A71A13047200D48926 /* Frameworks */,
				7CB808A81A13047200D48926 /* Resources */,
			);
			buildRules = (
			);
			dependencies = (
			);
			name = 001PGWUcurrentWULF;
			productName = 001PGWUcurrentWULF;
			productReference = 7CB808AA1A13047200D48926 /* 001PGWUcurrentWULF.app */;
			productType = "com.apple.product-type.application";
		};
		7CB808BE1A13047200D48926 /* 001PGWUcurrentWULFTests */ = {
			isa = PBXNativeTarget;
			buildConfigurationList = 7CB808CC1A13047200D48926 /* Build configuration list for PBXNativeTarget "001PGWUcurrentWULFTests" */;
			buildPhases = (
				7CB808BB1A13047200D48926 /* Sources */,
				7CB808BC1A13047200D48926 /* Frameworks */,
				7CB808BD1A13047200D48926 /* Resources */,
			);
			buildRules = (
			);
			dependencies = (
				7CB808C11A13047200D48926 /* PBXTargetDependency */,
			);
			name = 001PGWUcurrentWULFTests;
			productName = 001PGWUcurrentWULFTests;
			productReference = 7CB808BF1A13047200D48926 /* 001PGWUcurrentWULFTests.xctest */;
			productType = "com.apple.product-type.bundle.unit-test";
		};
/* End PBXNativeTarget section */

/* Begin PBXProject section */
		7CB808A21A13047200D48926 /* Project object */ = {
			isa = PBXProject;
			attributes = {
				LastUpgradeCheck = 0610;
				ORGANIZATIONNAME = JNYJ;
				TargetAttributes = {
					7CB808A91A13047200D48926 = {
						CreatedOnToolsVersion = 6.1;
					};
					7CB808BE1A13047200D48926 = {
						CreatedOnToolsVersion = 6.1;
						TestTargetID = 7CB808A91A13047200D48926;
					};
				};
			};
			buildConfigurationList = 7CB808A51A13047200D48926 /* Build configuration list for PBXProject "001PGWUcurrentWULF" */;
			compatibilityVersion = "Xcode 3.2";
			developmentRegion = English;
			hasScannedForEncodings = 0;
			knownRegions = (
				en,
				Base,
			);
			mainGroup = 7CB808A11A13047200D48926;
			productRefGroup = 7CB808AB1A13047200D48926 /* Products */;
			projectDirPath = "";
			projectRoot = "";
			targets = (
				7CB808A91A13047200D48926 /* 001PGWUcurrentWULF */,
				7CB808BE1A13047200D48926 /* 001PGWUcurrentWULFTests */,
			);
		};
/* End PBXProject section */

/* Begin PBXResourcesBuildPhase section */
		7CB808A81A13047200D48926 /* Resources */ = {
			isa = PBXResourcesBuildPhase;
			buildActionMask = 2147483647;
			files = (
				7CB808B51A13047200D48926 /* Main.storyboard in Resources */,
				7CB808BA1A13047200D48926 /* LaunchScreen.xib in Resources */,
				7CB808B71A13047200D48926 /* Images.xcassets in Resources */,
			);
			runOnlyForDeploymentPostprocessing = 0;
		};
		7CB808BD1A13047200D48926 /* Resources */ = {
			isa = PBXResourcesBuildPhase;
			buildActionMask = 2147483647;
			files = (
			);
			runOnlyForDeploymentPostprocessing = 0;
		};
/* End PBXResourcesBuildPhase section */

/* Begin PBXSourcesBuildPhase section */
		7CB808A61A13047200D48926 /* Sources */ = {
			isa = PBXSourcesBuildPhase;
			buildActionMask = 2147483647;
			files = (
				7C04E6B91A134C34009414E4 /* JNYJ.swift in Sources */,
				7CB808B21A13047200D48926 /* ViewController.swift in Sources */,
				7CB808B01A13047200D48926 /* AppDelegate.swift in Sources */,
			);
			runOnlyForDeploymentPostprocessing = 0;
		};
		7CB808BB1A13047200D48926 /* Sources */ = {
			isa = PBXSourcesBuildPhase;
			buildActionMask = 2147483647;
			files = (
				7CB808C61A13047200D48926 /* _01PGWUcurrentWULFTests.swift in Sources */,
			);
			runOnlyForDeploymentPostprocessing = 0;
		};
/* End PBXSourcesBuildPhase section */

/* Begin PBXTargetDependency section */
		7CB808C11A13047200D48926 /* PBXTargetDependency */ = {
			isa = PBXTargetDependency;
			target = 7CB808A91A13047200D48926 /* 001PGWUcurrentWULF */;
			targetProxy = 7CB808C01A13047200D48926 /* PBXContainerItemProxy */;
		};
/* End PBXTargetDependency section */

/* Begin PBXVariantGroup section */
		7CB808B31A13047200D48926 /* Main.storyboard */ = {
			isa = PBXVariantGroup;
			children = (
				7CB808B41A13047200D48926 /* Base */,
			);
			name = Main.storyboard;
			sourceTree = "<group>";
		};
		7CB808B81A13047200D48926 /* LaunchScreen.xib */ = {
			isa = PBXVariantGroup;
			children = (
				7CB808B91A13047200D48926 /* Base */,
			);
			name = LaunchScreen.xib;
			sourceTree = "<group>";
		};
/* End PBXVariantGroup section */

/* Begin XCBuildConfiguration section */
		7CB808C71A13047200D48926 /* Debug */ = {
			isa = XCBuildConfiguration;
			buildSettings = {
				ALWAYS_SEARCH_USER_PATHS = NO;
				CLANG_CXX_LANGUAGE_STANDARD = "gnu++0x";
				CLANG_CXX_LIBRARY = "libc++";
				CLANG_ENABLE_MODULES = YES;
				CLANG_ENABLE_OBJC_ARC = YES;
				CLANG_WARN_BOOL_CONVERSION = YES;
				CLANG_WARN_CONSTANT_CONVERSION = YES;
				CLANG_WARN_DIRECT_OBJC_ISA_USAGE = YES_ERROR;
				CLANG_WARN_EMPTY_BODY = YES;
				CLANG_WARN_ENUM_CONVERSION = YES;
				CLANG_WARN_INT_CONVERSION = YES;
				CLANG_WARN_OBJC_ROOT_CLASS = YES_ERROR;
				CLANG_WARN_UNREACHABLE_CODE = YES;
				CLANG_WARN__DUPLICATE_METHOD_MATCH = YES;
				"CODE_SIGN_IDENTITY[sdk=iphoneos*]" = "iPhone Developer";
				COPY_PHASE_STRIP = NO;
				ENABLE_STRICT_OBJC_MSGSEND = YES;
				GCC_C_LANGUAGE_STANDARD = gnu99;
				GCC_DYNAMIC_NO_PIC = NO;
				GCC_OPTIMIZATION_LEVEL = 0;
				GCC_PREPROCESSOR_DEFINITIONS = (
					"DEBUG=1",
					"$(inherited)",
				);
				GCC_SYMBOLS_PRIVATE_EXTERN = NO;
				GCC_WARN_64_TO_32_BIT_CONVERSION = YES;
				GCC_WARN_ABOUT_RETURN_TYPE = YES_ERROR;
				GCC_WARN_UNDECLARED_SELECTOR = YES;
				GCC_WARN_UNINITIALIZED_AUTOS = YES_AGGRESSIVE;
				GCC_WARN_UNUSED_FUNCTION = YES;
				GCC_WARN_UNUSED_VARIABLE = YES;
				IPHONEOS_DEPLOYMENT_TARGET = 8.1;
				MTL_ENABLE_DEBUG_INFO = YES;
				ONLY_ACTIVE_ARCH = YES;
				SDKROOT = iphoneos;
				SWIFT_OPTIMIZATION_LEVEL = "-Onone";
				TARGETED_DEVICE_FAMILY = "1,2";
			};
			name = Debug;
		};
		7CB808C81A13047200D48926 /* Release */ = {
			isa = XCBuildConfiguration;
			buildSettings = {
				ALWAYS_SEARCH_USER_PATHS = NO;
				CLANG_CXX_LANGUAGE_STANDARD = "gnu++0x";
				CLANG_CXX_LIBRARY = "libc++";
				CLANG_ENABLE_MODULES = YES;
				CLANG_ENABLE_OBJC_ARC = YES;
				CLANG_WARN_BOOL_CONVERSION = YES;
				CLANG_WARN_CONSTANT_CONVERSION = YES;
				CLANG_WARN_DIRECT_OBJC_ISA_USAGE = YES_ERROR;
				CLANG_WARN_EMPTY_BODY = YES;
				CLANG_WARN_ENUM_CONVERSION = YES;
				CLANG_WARN_INT_CONVERSION = YES;
				CLANG_WARN_OBJC_ROOT_CLASS = YES_ERROR;
				CLANG_WARN_UNREACHABLE_CODE = YES;
				CLANG_WARN__DUPLICATE_METHOD_MATCH = YES;
				"CODE_SIGN_IDENTITY[sdk=iphoneos*]" = "iPhone Developer";
				COPY_PHASE_STRIP = YES;
				ENABLE_NS_ASSERTIONS = NO;
				ENABLE_STRICT_OBJC_MSGSEND = YES;
				GCC_C_LANGUAGE_STANDARD = gnu99;
				GCC_WARN_64_TO_32_BIT_CONVERSION = YES;
				GCC_WARN_ABOUT_RETURN_TYPE = YES_ERROR;
				GCC_WARN_UNDECLARED_SELECTOR = YES;
				GCC_WARN_UNINITIALIZED_AUTOS = YES_AGGRESSIVE;
				GCC_WARN_UNUSED_FUNCTION = YES;
				GCC_WARN_UNUSED_VARIABLE = YES;
				IPHONEOS_DEPLOYMENT_TARGET = 8.1;
				MTL_ENABLE_DEBUG_INFO = NO;
				SDKROOT = iphoneos;
				TARGETED_DEVICE_FAMILY = "1,2";
				VALIDATE_PRODUCT = YES;
			};
			name = Release;
		};
		7CB808CA1A13047200D48926 /* Debug */ = {
			isa = XCBuildConfiguration;
			buildSettings = {
				ASSETCATALOG_COMPILER_APPICON_NAME = AppIcon;
				INFOPLIST_FILE = 001PGWUcurrentWULF/Info.plist;
				LD_RUNPATH_SEARCH_PATHS = "$(inherited) @executable_path/Frameworks";
				PRODUCT_NAME = "$(TARGET_NAME)";
			};
			name = Debug;
		};
		7CB808CB1A13047200D48926 /* Release */ = {
			isa = XCBuildConfiguration;
			buildSettings = {
				ASSETCATALOG_COMPILER_APPICON_NAME = AppIcon;
				INFOPLIST_FILE = 001PGWUcurrentWULF/Info.plist;
				LD_RUNPATH_SEARCH_PATHS = "$(inherited) @executable_path/Frameworks";
				PRODUCT_NAME = "$(TARGET_NAME)";
			};
			name = Release;
		};
		7CB808CD1A13047200D48926 /* Debug */ = {
			isa = XCBuildConfiguration;
			buildSettings = {
				BUNDLE_LOADER = "$(TEST_HOST)";
				FRAMEWORK_SEARCH_PATHS = (
					"$(SDKROOT)/Developer/Library/Frameworks",
					"$(inherited)",
				);
				GCC_PREPROCESSOR_DEFINITIONS = (
					"DEBUG=1",
					"$(inherited)",
				);
				INFOPLIST_FILE = 001PGWUcurrentWULFTests/Info.plist;
				LD_RUNPATH_SEARCH_PATHS = "$(inherited) @executable_path/Frameworks @loader_path/Frameworks";
				PRODUCT_NAME = "$(TARGET_NAME)";
				TEST_HOST = "$(BUILT_PRODUCTS_DIR)/001PGWUcurrentWULF.app/001PGWUcurrentWULF";
			};
			name = Debug;
		};
		7CB808CE1A13047200D48926 /* Release */ = {
			isa = XCBuildConfiguration;
			buildSettings = {
				BUNDLE_LOADER = "$(TEST_HOST)";
				FRAMEWORK_SEARCH_PATHS = (
					"$(SDKROOT)/Developer/Library/Frameworks",
					"$(inherited)",
				);
				INFOPLIST_FILE = 001PGWUcurrentWULFTests/Info.plist;
				LD_RUNPATH_SEARCH_PATHS = "$(inherited) @executable_path/Frameworks @loader_path/Frameworks";
				PRODUCT_NAME = "$(TARGET_NAME)";
				TEST_HOST = "$(BUILT_PRODUCTS_DIR)/001PGWUcurrentWULF.app/001PGWUcurrentWULF";
			};
			name = Release;
		};
/* End XCBuildConfiguration section */

/* Begin XCConfigurationList section */
		7CB808A51A13047200D48926 /* Build configuration list for PBXProject "001PGWUcurrentWULF" */ = {
			isa = XCConfigurationList;
			buildConfigurations = (
				7CB808C71A13047200D48926 /* Debug */,
				7CB808C81A13047200D48926 /* Release */,
			);
			defaultConfigurationIsVisible = 0;
			defaultConfigurationName = Release;
		};
		7CB808C91A13047200D48926 /* Build configuration list for PBXNativeTarget "001PGWUcurrentWULF" */ = {
			isa = XCConfigurationList;
			buildConfigurations = (
				7CB808CA1A13047200D48926 /* Debug */,
				7CB808CB1A13047200D48926 /* Release */,
			);
			defaultConfigurationIsVisible = 0;
			defaultConfigurationName = Release;
		};
		7CB808CC1A13047200D48926 /* Build configuration list for PBXNativeTarget "001PGWUcurrentWULFTests" */ = {
			isa = XCConfigurationList;
			buildConfigurations = (
				7CB808CD1A13047200D48926 /* Debug */,
				7CB808CE1A13047200D48926 /* Release */,
			);
			defaultConfigurationIsVisible = 0;
			defaultConfigurationName = Release;
		};
/* End XCConfigurationList section */
	};
	rootObject = 7CB808A21A13047200D48926 /* Project object */;
}
